
Microsoft Visual Studio Solution File, Format Version 12.00
# Visual Studio Version 16
VisualStudioVersion = 16.0.31605.320
MinimumVisualStudioVersion = 10.0.40219.1
Project("{FAE04EC0-301F-11D3-BF4B-00C04F79EFBC}") = "DesSomaSimples", "DesSomaSimples\DesSomaSimples.csproj", "{40C84E5F-398C-4063-803F-8B2C248912D9}"
EndProject
Global
	GlobalSection(SolutionConfigurationPlatforms) = preSolution
		Debug|Any CPU = Debug|Any CPU
		Release|Any CPU = Release|Any CPU
	EndGlobalSection
	GlobalSection(ProjectConfigurationPlatforms) = postSolution
		{40C84E5F-398C-4063-803F-8B2C248912D9}.Debug|Any CPU.ActiveCfg = Debug|Any CPU
		{40C84E5F-398C-4063-803F-8B2C248912D9}.Debug|Any CPU.Build.0 = Debug|Any CPU
		{40C84E5F-398C-4063-803F-8B2C248912D9}.Release|Any CPU.ActiveCfg = Release|Any CPU
		{40C84E5F-398C-4063-803F-8B2C248912D9}.Release|Any CPU.Build.0 = Release|Any CPU
	EndGlobalSection
	GlobalSection(SolutionProperties) = preSolution
		HideSolutionNode = FALSE
	EndGlobalSection
	GlobalSection(ExtensibilityGlobals) = postSolution
		SolutionGuid = {66DAB112-8833-4A1B-8C25-D986A3902891}
	EndGlobalSection
EndGlobal
